// !$*UTF8*$!
{
	archiveVersion = 1;
	classes = {
	};
	objectVersion = 46;
	objects = {

/* Begin PBXBuildFile section */
		5AACFA38717C7D8882203594 /* Pods_BUtiful_Schedules.framework in Frameworks */ = {isa = PBXBuildFile; fileRef = 5B5DB025F0E4F8FD03B1A035 /* Pods_BUtiful_Schedules.framework */; };
		A100C6471D021C0B009F6F2C /* SwitchTableViewCell.swift in Sources */ = {isa = PBXBuildFile; fileRef = A100C6461D021C0B009F6F2C /* SwitchTableViewCell.swift */; };
		A12DFD291CF1476E003C4605 /* CourseList.swift in Sources */ = {isa = PBXBuildFile; fileRef = A12DFD281CF1476E003C4605 /* CourseList.swift */; };
		A136588E1D00DA660036C7E3 /* PlannerViewController.swift in Sources */ = {isa = PBXBuildFile; fileRef = A136588D1D00DA660036C7E3 /* PlannerViewController.swift */; };
		A149B5E21CF2481A00802FE2 /* TimeBlock.swift in Sources */ = {isa = PBXBuildFile; fileRef = A149B5E11CF2481A00802FE2 /* TimeBlock.swift */; };
		A149B5E41CF2487800802FE2 /* Course.swift in Sources */ = {isa = PBXBuildFile; fileRef = A149B5E31CF2487800802FE2 /* Course.swift */; };
		A149B5E61CF24A7500802FE2 /* Section.swift in Sources */ = {isa = PBXBuildFile; fileRef = A149B5E51CF24A7500802FE2 /* Section.swift */; };
		A149B5EA1CF2574800802FE2 /* String.swift in Sources */ = {isa = PBXBuildFile; fileRef = A149B5E91CF2574800802FE2 /* String.swift */; };
		A152A3591DB68A5000B27EE8 /* DetailedScheduleViewController.swift in Sources */ = {isa = PBXBuildFile; fileRef = A152A3581DB68A5000B27EE8 /* DetailedScheduleViewController.swift */; };
		A1620BBD1CEF84130033C5E8 /* AppDelegate.swift in Sources */ = {isa = PBXBuildFile; fileRef = A1620BBC1CEF84130033C5E8 /* AppDelegate.swift */; };
		A1620BC21CEF84130033C5E8 /* Main.storyboard in Resources */ = {isa = PBXBuildFile; fileRef = A1620BC01CEF84130033C5E8 /* Main.storyboard */; };
		A1620BC41CEF84130033C5E8 /* Assets.xcassets in Resources */ = {isa = PBXBuildFile; fileRef = A1620BC31CEF84130033C5E8 /* Assets.xcassets */; };
		A1620BC71CEF84130033C5E8 /* LaunchScreen.storyboard in Resources */ = {isa = PBXBuildFile; fileRef = A1620BC51CEF84130033C5E8 /* LaunchScreen.storyboard */; };
		A1620BD21CEF84130033C5E8 /* BUtiful_SchedulesTests.swift in Sources */ = {isa = PBXBuildFile; fileRef = A1620BD11CEF84130033C5E8 /* BUtiful_SchedulesTests.swift */; };
		A1620BDD1CEF84130033C5E8 /* BUtiful_SchedulesUITests.swift in Sources */ = {isa = PBXBuildFile; fileRef = A1620BDC1CEF84130033C5E8 /* BUtiful_SchedulesUITests.swift */; };
		A1620BF41CEFD6C00033C5E8 /* CourseView.swift in Sources */ = {isa = PBXBuildFile; fileRef = A1620BF31CEFD6C00033C5E8 /* CourseView.swift */; };
		A19590051CF9055000B4EAE9 /* ClassTimesTableViewController.swift in Sources */ = {isa = PBXBuildFile; fileRef = A19590041CF9055000B4EAE9 /* ClassTimesTableViewController.swift */; };
		A19590071CF9057E00B4EAE9 /* ClassTimeTableViewCell.swift in Sources */ = {isa = PBXBuildFile; fileRef = A19590061CF9057E00B4EAE9 /* ClassTimeTableViewCell.swift */; };
		A1E0BFA41CF8E45300069E16 /* FilterTableViewController.swift in Sources */ = {isa = PBXBuildFile; fileRef = A1E0BFA31CF8E45300069E16 /* FilterTableViewController.swift */; };
		A1E0BFA61CF8F24500069E16 /* ClassDaysTableViewController.swift in Sources */ = {isa = PBXBuildFile; fileRef = A1E0BFA51CF8F24500069E16 /* ClassDaysTableViewController.swift */; };
		A1E861C21CF7A80E0051B4EC /* SchedulesViewController.swift in Sources */ = {isa = PBXBuildFile; fileRef = A1E861C11CF7A80E0051B4EC /* SchedulesViewController.swift */; };
		A1E861C41CF7AC7E0051B4EC /* ScheduleCell.swift in Sources */ = {isa = PBXBuildFile; fileRef = A1E861C31CF7AC7E0051B4EC /* ScheduleCell.swift */; };
		A1E994741D6FCBBC00E4853F /* HomeTableViewController.swift in Sources */ = {isa = PBXBuildFile; fileRef = A1E994731D6FCBBC00E4853F /* HomeTableViewController.swift */; };
		A1EAA3EA1CFBA43E00289359 /* ClassProfTableViewController.swift in Sources */ = {isa = PBXBuildFile; fileRef = A1EAA3E91CFBA43E00289359 /* ClassProfTableViewController.swift */; };
		A1EAA3EE1CFCE5CD00289359 /* Node.swift in Sources */ = {isa = PBXBuildFile; fileRef = A1EAA3ED1CFCE5CD00289359 /* Node.swift */; };
		A1EAA3F01CFCE60300289359 /* Schedule.swift in Sources */ = {isa = PBXBuildFile; fileRef = A1EAA3EF1CFCE60300289359 /* Schedule.swift */; };
		A1EAA3F81CFE638F00289359 /* SingleScheduleTableViewController.swift in Sources */ = {isa = PBXBuildFile; fileRef = A1EAA3F71CFE638F00289359 /* SingleScheduleTableViewController.swift */; };
		A1EAA3FA1CFE6C8800289359 /* SingleScheduleImageTableViewCell.swift in Sources */ = {isa = PBXBuildFile; fileRef = A1EAA3F91CFE6C8800289359 /* SingleScheduleImageTableViewCell.swift */; };
		A1EAA3FC1CFE82FC00289359 /* ScheduleDetailTableViewCell.swift in Sources */ = {isa = PBXBuildFile; fileRef = A1EAA3FB1CFE82FC00289359 /* ScheduleDetailTableViewCell.swift */; };
		A1F972741DB8494C00C4EFFD /* ProfessorTableViewCell.swift in Sources */ = {isa = PBXBuildFile; fileRef = A1F972731DB8494C00C4EFFD /* ProfessorTableViewCell.swift */; };
/* End PBXBuildFile section */

/* Begin PBXContainerItemProxy section */
		A1620BCE1CEF84130033C5E8 /* PBXContainerItemProxy */ = {
			isa = PBXContainerItemProxy;
			containerPortal = A1620BB11CEF84120033C5E8 /* Project object */;
			proxyType = 1;
			remoteGlobalIDString = A1620BB81CEF84130033C5E8;
			remoteInfo = "BUtiful Schedules";
		};
		A1620BD91CEF84130033C5E8 /* PBXContainerItemProxy */ = {
			isa = PBXContainerItemProxy;
			containerPortal = A1620BB11CEF84120033C5E8 /* Project object */;
			proxyType = 1;
			remoteGlobalIDString = A1620BB81CEF84130033C5E8;
			remoteInfo = "BUtiful Schedules";
		};
/* End PBXContainerItemProxy section */

/* Begin PBXFileReference section */
		4D0DFA9A64AF43B8D4FE539F /* Pods-BUtiful Schedules.release.xcconfig */ = {isa = PBXFileReference; includeInIndex = 1; lastKnownFileType = text.xcconfig; name = "Pods-BUtiful Schedules.release.xcconfig"; path = "Pods/Target Support Files/Pods-BUtiful Schedules/Pods-BUtiful Schedules.release.xcconfig"; sourceTree = "<group>"; };
		5B5DB025F0E4F8FD03B1A035 /* Pods_BUtiful_Schedules.framework */ = {isa = PBXFileReference; explicitFileType = wrapper.framework; includeInIndex = 0; path = Pods_BUtiful_Schedules.framework; sourceTree = BUILT_PRODUCTS_DIR; };
		85DE13ECAE037A6593D91661 /* Pods-BUtiful Schedules.debug.xcconfig */ = {isa = PBXFileReference; includeInIndex = 1; lastKnownFileType = text.xcconfig; name = "Pods-BUtiful Schedules.debug.xcconfig"; path = "Pods/Target Support Files/Pods-BUtiful Schedules/Pods-BUtiful Schedules.debug.xcconfig"; sourceTree = "<group>"; };
		A100C6461D021C0B009F6F2C /* SwitchTableViewCell.swift */ = {isa = PBXFileReference; fileEncoding = 4; lastKnownFileType = sourcecode.swift; path = SwitchTableViewCell.swift; sourceTree = "<group>"; };
		A12DFD281CF1476E003C4605 /* CourseList.swift */ = {isa = PBXFileReference; fileEncoding = 4; lastKnownFileType = sourcecode.swift; path = CourseList.swift; sourceTree = "<group>"; };
		A136588D1D00DA660036C7E3 /* PlannerViewController.swift */ = {isa = PBXFileReference; fileEncoding = 4; lastKnownFileType = sourcecode.swift; path = PlannerViewController.swift; sourceTree = "<group>"; };
		A149B5E11CF2481A00802FE2 /* TimeBlock.swift */ = {isa = PBXFileReference; fileEncoding = 4; lastKnownFileType = sourcecode.swift; path = TimeBlock.swift; sourceTree = "<group>"; };
		A149B5E31CF2487800802FE2 /* Course.swift */ = {isa = PBXFileReference; fileEncoding = 4; lastKnownFileType = sourcecode.swift; path = Course.swift; sourceTree = "<group>"; };
		A149B5E51CF24A7500802FE2 /* Section.swift */ = {isa = PBXFileReference; fileEncoding = 4; lastKnownFileType = sourcecode.swift; path = Section.swift; sourceTree = "<group>"; };
		A149B5E91CF2574800802FE2 /* String.swift */ = {isa = PBXFileReference; fileEncoding = 4; lastKnownFileType = sourcecode.swift; path = String.swift; sourceTree = "<group>"; };
		A152A3581DB68A5000B27EE8 /* DetailedScheduleViewController.swift */ = {isa = PBXFileReference; fileEncoding = 4; lastKnownFileType = sourcecode.swift; path = DetailedScheduleViewController.swift; sourceTree = "<group>"; };
		A1620BB91CEF84130033C5E8 /* BUtiful Schedules.app */ = {isa = PBXFileReference; explicitFileType = wrapper.application; includeInIndex = 0; path = "BUtiful Schedules.app"; sourceTree = BUILT_PRODUCTS_DIR; };
		A1620BBC1CEF84130033C5E8 /* AppDelegate.swift */ = {isa = PBXFileReference; lastKnownFileType = sourcecode.swift; path = AppDelegate.swift; sourceTree = "<group>"; };
		A1620BC11CEF84130033C5E8 /* Base */ = {isa = PBXFileReference; lastKnownFileType = file.storyboard; name = Base; path = Base.lproj/Main.storyboard; sourceTree = "<group>"; };
		A1620BC31CEF84130033C5E8 /* Assets.xcassets */ = {isa = PBXFileReference; lastKnownFileType = folder.assetcatalog; path = Assets.xcassets; sourceTree = "<group>"; };
		A1620BC61CEF84130033C5E8 /* Base */ = {isa = PBXFileReference; lastKnownFileType = file.storyboard; name = Base; path = Base.lproj/LaunchScreen.storyboard; sourceTree = "<group>"; };
		A1620BC81CEF84130033C5E8 /* Info.plist */ = {isa = PBXFileReference; lastKnownFileType = text.plist.xml; path = Info.plist; sourceTree = "<group>"; };
		A1620BCD1CEF84130033C5E8 /* BUtiful SchedulesTests.xctest */ = {isa = PBXFileReference; explicitFileType = wrapper.cfbundle; includeInIndex = 0; path = "BUtiful SchedulesTests.xctest"; sourceTree = BUILT_PRODUCTS_DIR; };
		A1620BD11CEF84130033C5E8 /* BUtiful_SchedulesTests.swift */ = {isa = PBXFileReference; lastKnownFileType = sourcecode.swift; path = BUtiful_SchedulesTests.swift; sourceTree = "<group>"; };
		A1620BD31CEF84130033C5E8 /* Info.plist */ = {isa = PBXFileReference; lastKnownFileType = text.plist.xml; path = Info.plist; sourceTree = "<group>"; };
		A1620BD81CEF84130033C5E8 /* BUtiful SchedulesUITests.xctest */ = {isa = PBXFileReference; explicitFileType = wrapper.cfbundle; includeInIndex = 0; path = "BUtiful SchedulesUITests.xctest"; sourceTree = BUILT_PRODUCTS_DIR; };
		A1620BDC1CEF84130033C5E8 /* BUtiful_SchedulesUITests.swift */ = {isa = PBXFileReference; lastKnownFileType = sourcecode.swift; path = BUtiful_SchedulesUITests.swift; sourceTree = "<group>"; };
		A1620BDE1CEF84130033C5E8 /* Info.plist */ = {isa = PBXFileReference; lastKnownFileType = text.plist.xml; path = Info.plist; sourceTree = "<group>"; };
		A1620BF31CEFD6C00033C5E8 /* CourseView.swift */ = {isa = PBXFileReference; fileEncoding = 4; lastKnownFileType = sourcecode.swift; path = CourseView.swift; sourceTree = "<group>"; };
		A19590041CF9055000B4EAE9 /* ClassTimesTableViewController.swift */ = {isa = PBXFileReference; fileEncoding = 4; lastKnownFileType = sourcecode.swift; path = ClassTimesTableViewController.swift; sourceTree = "<group>"; };
		A19590061CF9057E00B4EAE9 /* ClassTimeTableViewCell.swift */ = {isa = PBXFileReference; fileEncoding = 4; lastKnownFileType = sourcecode.swift; path = ClassTimeTableViewCell.swift; sourceTree = "<group>"; };
		A1E0BFA31CF8E45300069E16 /* FilterTableViewController.swift */ = {isa = PBXFileReference; fileEncoding = 4; lastKnownFileType = sourcecode.swift; path = FilterTableViewController.swift; sourceTree = "<group>"; };
		A1E0BFA51CF8F24500069E16 /* ClassDaysTableViewController.swift */ = {isa = PBXFileReference; fileEncoding = 4; lastKnownFileType = sourcecode.swift; path = ClassDaysTableViewController.swift; sourceTree = "<group>"; };
		A1E861C11CF7A80E0051B4EC /* SchedulesViewController.swift */ = {isa = PBXFileReference; fileEncoding = 4; lastKnownFileType = sourcecode.swift; path = SchedulesViewController.swift; sourceTree = "<group>"; };
		A1E861C31CF7AC7E0051B4EC /* ScheduleCell.swift */ = {isa = PBXFileReference; fileEncoding = 4; lastKnownFileType = sourcecode.swift; path = ScheduleCell.swift; sourceTree = "<group>"; };
		A1E994731D6FCBBC00E4853F /* HomeTableViewController.swift */ = {isa = PBXFileReference; fileEncoding = 4; lastKnownFileType = sourcecode.swift; path = HomeTableViewController.swift; sourceTree = "<group>"; };
		A1EAA3E91CFBA43E00289359 /* ClassProfTableViewController.swift */ = {isa = PBXFileReference; fileEncoding = 4; lastKnownFileType = sourcecode.swift; path = ClassProfTableViewController.swift; sourceTree = "<group>"; };
		A1EAA3ED1CFCE5CD00289359 /* Node.swift */ = {isa = PBXFileReference; fileEncoding = 4; lastKnownFileType = sourcecode.swift; path = Node.swift; sourceTree = "<group>"; };
		A1EAA3EF1CFCE60300289359 /* Schedule.swift */ = {isa = PBXFileReference; fileEncoding = 4; lastKnownFileType = sourcecode.swift; path = Schedule.swift; sourceTree = "<group>"; };
		A1EAA3F71CFE638F00289359 /* SingleScheduleTableViewController.swift */ = {isa = PBXFileReference; fileEncoding = 4; lastKnownFileType = sourcecode.swift; path = SingleScheduleTableViewController.swift; sourceTree = "<group>"; };
		A1EAA3F91CFE6C8800289359 /* SingleScheduleImageTableViewCell.swift */ = {isa = PBXFileReference; fileEncoding = 4; lastKnownFileType = sourcecode.swift; path = SingleScheduleImageTableViewCell.swift; sourceTree = "<group>"; };
		A1EAA3FB1CFE82FC00289359 /* ScheduleDetailTableViewCell.swift */ = {isa = PBXFileReference; fileEncoding = 4; lastKnownFileType = sourcecode.swift; path = ScheduleDetailTableViewCell.swift; sourceTree = "<group>"; };
		A1F972731DB8494C00C4EFFD /* ProfessorTableViewCell.swift */ = {isa = PBXFileReference; fileEncoding = 4; lastKnownFileType = sourcecode.swift; path = ProfessorTableViewCell.swift; sourceTree = "<group>"; };
/* End PBXFileReference section */

/* Begin PBXFrameworksBuildPhase section */
		A1620BB61CEF84130033C5E8 /* Frameworks */ = {
			isa = PBXFrameworksBuildPhase;
			buildActionMask = 2147483647;
			files = (
				5AACFA38717C7D8882203594 /* Pods_BUtiful_Schedules.framework in Frameworks */,
			);
			runOnlyForDeploymentPostprocessing = 0;
		};
		A1620BCA1CEF84130033C5E8 /* Frameworks */ = {
			isa = PBXFrameworksBuildPhase;
			buildActionMask = 2147483647;
			files = (
			);
			runOnlyForDeploymentPostprocessing = 0;
		};
		A1620BD51CEF84130033C5E8 /* Frameworks */ = {
			isa = PBXFrameworksBuildPhase;
			buildActionMask = 2147483647;
			files = (
			);
			runOnlyForDeploymentPostprocessing = 0;
		};
/* End PBXFrameworksBuildPhase section */

/* Begin PBXGroup section */
		A149B5E71CF2571100802FE2 /* Data */ = {
			isa = PBXGroup;
			children = (
				A12DFD281CF1476E003C4605 /* CourseList.swift */,
				A1EAA3ED1CFCE5CD00289359 /* Node.swift */,
				A149B5E11CF2481A00802FE2 /* TimeBlock.swift */,
				A149B5E31CF2487800802FE2 /* Course.swift */,
				A149B5E51CF24A7500802FE2 /* Section.swift */,
				A1EAA3EF1CFCE60300289359 /* Schedule.swift */,
			);
			name = Data;
			sourceTree = "<group>";
		};
		A149B5E81CF2573100802FE2 /* Extensions */ = {
			isa = PBXGroup;
			children = (
				A149B5E91CF2574800802FE2 /* String.swift */,
			);
			name = Extensions;
			sourceTree = "<group>";
		};
		A152A35A1DB68BA400B27EE8 /* Filters */ = {
			isa = PBXGroup;
			children = (
				A1E0BFA31CF8E45300069E16 /* FilterTableViewController.swift */,
				A1E0BFA51CF8F24500069E16 /* ClassDaysTableViewController.swift */,
				A19590041CF9055000B4EAE9 /* ClassTimesTableViewController.swift */,
				A1EAA3E91CFBA43E00289359 /* ClassProfTableViewController.swift */,
			);
			name = Filters;
			sourceTree = "<group>";
		};
		A1620BB01CEF84120033C5E8 = {
			isa = PBXGroup;
			children = (
				A1620BBB1CEF84130033C5E8 /* BUtiful Schedules */,
				A1620BD01CEF84130033C5E8 /* BUtiful SchedulesTests */,
				A1620BDB1CEF84130033C5E8 /* BUtiful SchedulesUITests */,
				A1620BBA1CEF84130033C5E8 /* Products */,
				B86F264723FB01A3C4FA1ACE /* Pods */,
				A27F9CA2E824472910FAEE71 /* Frameworks */,
			);
			sourceTree = "<group>";
		};
		A1620BBA1CEF84130033C5E8 /* Products */ = {
			isa = PBXGroup;
			children = (
				A1620BB91CEF84130033C5E8 /* BUtiful Schedules.app */,
				A1620BCD1CEF84130033C5E8 /* BUtiful SchedulesTests.xctest */,
				A1620BD81CEF84130033C5E8 /* BUtiful SchedulesUITests.xctest */,
			);
			name = Products;
			sourceTree = "<group>";
		};
		A1620BBB1CEF84130033C5E8 /* BUtiful Schedules */ = {
			isa = PBXGroup;
			children = (
				A149B5E81CF2573100802FE2 /* Extensions */,
				A149B5E71CF2571100802FE2 /* Data */,
				A1620BF71CEFE1120033C5E8 /* View Controllers */,
				A19590031CF9051B00B4EAE9 /* Cells */,
				A1620BC01CEF84130033C5E8 /* Main.storyboard */,
				A1620BBC1CEF84130033C5E8 /* AppDelegate.swift */,
				A1620BC31CEF84130033C5E8 /* Assets.xcassets */,
				A1620BC51CEF84130033C5E8 /* LaunchScreen.storyboard */,
				A1620BC81CEF84130033C5E8 /* Info.plist */,
			);
			path = "BUtiful Schedules";
			sourceTree = "<group>";
		};
		A1620BD01CEF84130033C5E8 /* BUtiful SchedulesTests */ = {
			isa = PBXGroup;
			children = (
				A1620BD11CEF84130033C5E8 /* BUtiful_SchedulesTests.swift */,
				A1620BD31CEF84130033C5E8 /* Info.plist */,
			);
			path = "BUtiful SchedulesTests";
			sourceTree = "<group>";
		};
		A1620BDB1CEF84130033C5E8 /* BUtiful SchedulesUITests */ = {
			isa = PBXGroup;
			children = (
				A1620BDC1CEF84130033C5E8 /* BUtiful_SchedulesUITests.swift */,
				A1620BDE1CEF84130033C5E8 /* Info.plist */,
			);
			path = "BUtiful SchedulesUITests";
			sourceTree = "<group>";
		};
		A1620BF71CEFE1120033C5E8 /* View Controllers */ = {
			isa = PBXGroup;
			children = (
				A152A35A1DB68BA400B27EE8 /* Filters */,
				A1E994731D6FCBBC00E4853F /* HomeTableViewController.swift */,
				A1E861C11CF7A80E0051B4EC /* SchedulesViewController.swift */,
				A152A3581DB68A5000B27EE8 /* DetailedScheduleViewController.swift */,
				A1EAA3F71CFE638F00289359 /* SingleScheduleTableViewController.swift */,
				A136588D1D00DA660036C7E3 /* PlannerViewController.swift */,
			);
			name = "View Controllers";
			sourceTree = "<group>";
		};
		A19590031CF9051B00B4EAE9 /* Cells */ = {
			isa = PBXGroup;
			children = (
				A1F972731DB8494C00C4EFFD /* ProfessorTableViewCell.swift */,
				A1EAA3FB1CFE82FC00289359 /* ScheduleDetailTableViewCell.swift */,
				A1EAA3F91CFE6C8800289359 /* SingleScheduleImageTableViewCell.swift */,
				A1E861C31CF7AC7E0051B4EC /* ScheduleCell.swift */,
				A1620BF31CEFD6C00033C5E8 /* CourseView.swift */,
				A19590061CF9057E00B4EAE9 /* ClassTimeTableViewCell.swift */,
				A100C6461D021C0B009F6F2C /* SwitchTableViewCell.swift */,
			);
			name = Cells;
			sourceTree = "<group>";
		};
		A27F9CA2E824472910FAEE71 /* Frameworks */ = {
			isa = PBXGroup;
			children = (
				5B5DB025F0E4F8FD03B1A035 /* Pods_BUtiful_Schedules.framework */,
			);
			name = Frameworks;
			sourceTree = "<group>";
		};
		B86F264723FB01A3C4FA1ACE /* Pods */ = {
			isa = PBXGroup;
			children = (
				85DE13ECAE037A6593D91661 /* Pods-BUtiful Schedules.debug.xcconfig */,
				4D0DFA9A64AF43B8D4FE539F /* Pods-BUtiful Schedules.release.xcconfig */,
			);
			name = Pods;
			sourceTree = "<group>";
		};
/* End PBXGroup section */

/* Begin PBXNativeTarget section */
		A1620BB81CEF84130033C5E8 /* BUtiful Schedules */ = {
			isa = PBXNativeTarget;
			buildConfigurationList = A1620BE11CEF84130033C5E8 /* Build configuration list for PBXNativeTarget "BUtiful Schedules" */;
			buildPhases = (
				2C14E4961AD5725E9F32077D /* 📦 Check Pods Manifest.lock */,
				A1620BB51CEF84130033C5E8 /* Sources */,
				A1620BB61CEF84130033C5E8 /* Frameworks */,
				A1620BB71CEF84130033C5E8 /* Resources */,
				BE573AC5D3E917AB314EB530 /* 📦 Embed Pods Frameworks */,
				5B7DD3CD9B70C7BCD32F7DFE /* 📦 Copy Pods Resources */,
			);
			buildRules = (
			);
			dependencies = (
			);
			name = "BUtiful Schedules";
			productName = "BUtiful Schedules";
			productReference = A1620BB91CEF84130033C5E8 /* BUtiful Schedules.app */;
			productType = "com.apple.product-type.application";
		};
		A1620BCC1CEF84130033C5E8 /* BUtiful SchedulesTests */ = {
			isa = PBXNativeTarget;
			buildConfigurationList = A1620BE41CEF84130033C5E8 /* Build configuration list for PBXNativeTarget "BUtiful SchedulesTests" */;
			buildPhases = (
				A1620BC91CEF84130033C5E8 /* Sources */,
				A1620BCA1CEF84130033C5E8 /* Frameworks */,
				A1620BCB1CEF84130033C5E8 /* Resources */,
			);
			buildRules = (
			);
			dependencies = (
				A1620BCF1CEF84130033C5E8 /* PBXTargetDependency */,
			);
			name = "BUtiful SchedulesTests";
			productName = "BUtiful SchedulesTests";
			productReference = A1620BCD1CEF84130033C5E8 /* BUtiful SchedulesTests.xctest */;
			productType = "com.apple.product-type.bundle.unit-test";
		};
		A1620BD71CEF84130033C5E8 /* BUtiful SchedulesUITests */ = {
			isa = PBXNativeTarget;
			buildConfigurationList = A1620BE71CEF84130033C5E8 /* Build configuration list for PBXNativeTarget "BUtiful SchedulesUITests" */;
			buildPhases = (
				A1620BD41CEF84130033C5E8 /* Sources */,
				A1620BD51CEF84130033C5E8 /* Frameworks */,
				A1620BD61CEF84130033C5E8 /* Resources */,
			);
			buildRules = (
			);
			dependencies = (
				A1620BDA1CEF84130033C5E8 /* PBXTargetDependency */,
			);
			name = "BUtiful SchedulesUITests";
			productName = "BUtiful SchedulesUITests";
			productReference = A1620BD81CEF84130033C5E8 /* BUtiful SchedulesUITests.xctest */;
			productType = "com.apple.product-type.bundle.ui-testing";
		};
/* End PBXNativeTarget section */

/* Begin PBXProject section */
		A1620BB11CEF84120033C5E8 /* Project object */ = {
			isa = PBXProject;
			attributes = {
				LastSwiftUpdateCheck = 0730;
				LastUpgradeCheck = 0730;
				ORGANIZATIONNAME = "Void Bowels";
				TargetAttributes = {
					A1620BB81CEF84130033C5E8 = {
						CreatedOnToolsVersion = 7.3.1;
						DevelopmentTeam = A388CUT837;
						LastSwiftMigration = 0800;
					};
					A1620BCC1CEF84130033C5E8 = {
						CreatedOnToolsVersion = 7.3.1;
						LastSwiftMigration = 0800;
						TestTargetID = A1620BB81CEF84130033C5E8;
					};
					A1620BD71CEF84130033C5E8 = {
						CreatedOnToolsVersion = 7.3.1;
						LastSwiftMigration = 0800;
						TestTargetID = A1620BB81CEF84130033C5E8;
					};
				};
			};
			buildConfigurationList = A1620BB41CEF84130033C5E8 /* Build configuration list for PBXProject "BUtiful Schedules" */;
			compatibilityVersion = "Xcode 3.2";
			developmentRegion = English;
			hasScannedForEncodings = 0;
			knownRegions = (
				en,
				Base,
			);
			mainGroup = A1620BB01CEF84120033C5E8;
			productRefGroup = A1620BBA1CEF84130033C5E8 /* Products */;
			projectDirPath = "";
			projectRoot = "";
			targets = (
				A1620BB81CEF84130033C5E8 /* BUtiful Schedules */,
				A1620BCC1CEF84130033C5E8 /* BUtiful SchedulesTests */,
				A1620BD71CEF84130033C5E8 /* BUtiful SchedulesUITests */,
			);
		};
/* End PBXProject section */

/* Begin PBXResourcesBuildPhase section */
		A1620BB71CEF84130033C5E8 /* Resources */ = {
			isa = PBXResourcesBuildPhase;
			buildActionMask = 2147483647;
			files = (
				A1620BC71CEF84130033C5E8 /* LaunchScreen.storyboard in Resources */,
				A1620BC41CEF84130033C5E8 /* Assets.xcassets in Resources */,
				A1620BC21CEF84130033C5E8 /* Main.storyboard in Resources */,
			);
			runOnlyForDeploymentPostprocessing = 0;
		};
		A1620BCB1CEF84130033C5E8 /* Resources */ = {
			isa = PBXResourcesBuildPhase;
			buildActionMask = 2147483647;
			files = (
			);
			runOnlyForDeploymentPostprocessing = 0;
		};
		A1620BD61CEF84130033C5E8 /* Resources */ = {
			isa = PBXResourcesBuildPhase;
			buildActionMask = 2147483647;
			files = (
			);
			runOnlyForDeploymentPostprocessing = 0;
		};
/* End PBXResourcesBuildPhase section */

/* Begin PBXShellScriptBuildPhase section */
		2C14E4961AD5725E9F32077D /* 📦 Check Pods Manifest.lock */ = {
			isa = PBXShellScriptBuildPhase;
			buildActionMask = 2147483647;
			files = (
			);
			inputPaths = (
			);
			name = "📦 Check Pods Manifest.lock";
			outputPaths = (
			);
			runOnlyForDeploymentPostprocessing = 0;
			shellPath = /bin/sh;
			shellScript = "diff \"${PODS_ROOT}/../Podfile.lock\" \"${PODS_ROOT}/Manifest.lock\" > /dev/null\nif [[ $? != 0 ]] ; then\n    cat << EOM\nerror: The sandbox is not in sync with the Podfile.lock. Run 'pod install' or update your CocoaPods installation.\nEOM\n    exit 1\nfi\n";
			showEnvVarsInLog = 0;
		};
		5B7DD3CD9B70C7BCD32F7DFE /* 📦 Copy Pods Resources */ = {
			isa = PBXShellScriptBuildPhase;
			buildActionMask = 2147483647;
			files = (
			);
			inputPaths = (
			);
			name = "📦 Copy Pods Resources";
			outputPaths = (
			);
			runOnlyForDeploymentPostprocessing = 0;
			shellPath = /bin/sh;
			shellScript = "\"${SRCROOT}/Pods/Target Support Files/Pods-BUtiful Schedules/Pods-BUtiful Schedules-resources.sh\"\n";
			showEnvVarsInLog = 0;
		};
		BE573AC5D3E917AB314EB530 /* 📦 Embed Pods Frameworks */ = {
			isa = PBXShellScriptBuildPhase;
			buildActionMask = 2147483647;
			files = (
			);
			inputPaths = (
			);
			name = "📦 Embed Pods Frameworks";
			outputPaths = (
			);
			runOnlyForDeploymentPostprocessing = 0;
			shellPath = /bin/sh;
			shellScript = "\"${SRCROOT}/Pods/Target Support Files/Pods-BUtiful Schedules/Pods-BUtiful Schedules-frameworks.sh\"\n";
			showEnvVarsInLog = 0;
		};
/* End PBXShellScriptBuildPhase section */

/* Begin PBXSourcesBuildPhase section */
		A1620BB51CEF84130033C5E8 /* Sources */ = {
			isa = PBXSourcesBuildPhase;
			buildActionMask = 2147483647;
			files = (
				A19590071CF9057E00B4EAE9 /* ClassTimeTableViewCell.swift in Sources */,
				A149B5E21CF2481A00802FE2 /* TimeBlock.swift in Sources */,
				A1EAA3EE1CFCE5CD00289359 /* Node.swift in Sources */,
				A149B5E41CF2487800802FE2 /* Course.swift in Sources */,
				A1EAA3FA1CFE6C8800289359 /* SingleScheduleImageTableViewCell.swift in Sources */,
				A149B5EA1CF2574800802FE2 /* String.swift in Sources */,
				A1E994741D6FCBBC00E4853F /* HomeTableViewController.swift in Sources */,
				A1EAA3EA1CFBA43E00289359 /* ClassProfTableViewController.swift in Sources */,
				A12DFD291CF1476E003C4605 /* CourseList.swift in Sources */,
				A100C6471D021C0B009F6F2C /* SwitchTableViewCell.swift in Sources */,
				A149B5E61CF24A7500802FE2 /* Section.swift in Sources */,
				A1EAA3FC1CFE82FC00289359 /* ScheduleDetailTableViewCell.swift in Sources */,
				A19590051CF9055000B4EAE9 /* ClassTimesTableViewController.swift in Sources */,
				A1F972741DB8494C00C4EFFD /* ProfessorTableViewCell.swift in Sources */,
				A1EAA3F01CFCE60300289359 /* Schedule.swift in Sources */,
				A1E0BFA41CF8E45300069E16 /* FilterTableViewController.swift in Sources */,
				A152A3591DB68A5000B27EE8 /* DetailedScheduleViewController.swift in Sources */,
				A1620BF41CEFD6C00033C5E8 /* CourseView.swift in Sources */,
				A1EAA3F81CFE638F00289359 /* SingleScheduleTableViewController.swift in Sources */,
				A1620BBD1CEF84130033C5E8 /* AppDelegate.swift in Sources */,
				A1E0BFA61CF8F24500069E16 /* ClassDaysTableViewController.swift in Sources */,
				A136588E1D00DA660036C7E3 /* PlannerViewController.swift in Sources */,
				A1E861C41CF7AC7E0051B4EC /* ScheduleCell.swift in Sources */,
				A1E861C21CF7A80E0051B4EC /* SchedulesViewController.swift in Sources */,
			);
			runOnlyForDeploymentPostprocessing = 0;
		};
		A1620BC91CEF84130033C5E8 /* Sources */ = {
			isa = PBXSourcesBuildPhase;
			buildActionMask = 2147483647;
			files = (
				A1620BD21CEF84130033C5E8 /* BUtiful_SchedulesTests.swift in Sources */,
			);
			runOnlyForDeploymentPostprocessing = 0;
		};
		A1620BD41CEF84130033C5E8 /* Sources */ = {
			isa = PBXSourcesBuildPhase;
			buildActionMask = 2147483647;
			files = (
				A1620BDD1CEF84130033C5E8 /* BUtiful_SchedulesUITests.swift in Sources */,
			);
			runOnlyForDeploymentPostprocessing = 0;
		};
/* End PBXSourcesBuildPhase section */

/* Begin PBXTargetDependency section */
		A1620BCF1CEF84130033C5E8 /* PBXTargetDependency */ = {
			isa = PBXTargetDependency;
			target = A1620BB81CEF84130033C5E8 /* BUtiful Schedules */;
			targetProxy = A1620BCE1CEF84130033C5E8 /* PBXContainerItemProxy */;
		};
		A1620BDA1CEF84130033C5E8 /* PBXTargetDependency */ = {
			isa = PBXTargetDependency;
			target = A1620BB81CEF84130033C5E8 /* BUtiful Schedules */;
			targetProxy = A1620BD91CEF84130033C5E8 /* PBXContainerItemProxy */;
		};
/* End PBXTargetDependency section */

/* Begin PBXVariantGroup section */
		A1620BC01CEF84130033C5E8 /* Main.storyboard */ = {
			isa = PBXVariantGroup;
			children = (
				A1620BC11CEF84130033C5E8 /* Base */,
			);
			name = Main.storyboard;
			sourceTree = "<group>";
		};
		A1620BC51CEF84130033C5E8 /* LaunchScreen.storyboard */ = {
			isa = PBXVariantGroup;
			children = (
				A1620BC61CEF84130033C5E8 /* Base */,
			);
			name = LaunchScreen.storyboard;
			sourceTree = "<group>";
		};
/* End PBXVariantGroup section */

/* Begin XCBuildConfiguration section */
		A1620BDF1CEF84130033C5E8 /* Debug */ = {
			isa = XCBuildConfiguration;
			buildSettings = {
				ALWAYS_SEARCH_USER_PATHS = NO;
				CLANG_ANALYZER_NONNULL = YES;
				CLANG_CXX_LANGUAGE_STANDARD = "gnu++0x";
				CLANG_CXX_LIBRARY = "libc++";
				CLANG_ENABLE_MODULES = YES;
				CLANG_ENABLE_OBJC_ARC = YES;
				CLANG_WARN_BOOL_CONVERSION = YES;
				CLANG_WARN_CONSTANT_CONVERSION = YES;
				CLANG_WARN_DIRECT_OBJC_ISA_USAGE = YES_ERROR;
				CLANG_WARN_EMPTY_BODY = YES;
				CLANG_WARN_ENUM_CONVERSION = YES;
				CLANG_WARN_INT_CONVERSION = YES;
				CLANG_WARN_OBJC_ROOT_CLASS = YES_ERROR;
				CLANG_WARN_UNREACHABLE_CODE = YES;
				CLANG_WARN__DUPLICATE_METHOD_MATCH = YES;
				"CODE_SIGN_IDENTITY[sdk=iphoneos*]" = "iPhone Developer";
				COPY_PHASE_STRIP = NO;
				DEBUG_INFORMATION_FORMAT = dwarf;
				ENABLE_STRICT_OBJC_MSGSEND = YES;
				ENABLE_TESTABILITY = YES;
				GCC_C_LANGUAGE_STANDARD = gnu99;
				GCC_DYNAMIC_NO_PIC = NO;
				GCC_NO_COMMON_BLOCKS = YES;
				GCC_OPTIMIZATION_LEVEL = 0;
				GCC_PREPROCESSOR_DEFINITIONS = (
					"DEBUG=1",
					"$(inherited)",
				);
				GCC_WARN_64_TO_32_BIT_CONVERSION = YES;
				GCC_WARN_ABOUT_RETURN_TYPE = YES_ERROR;
				GCC_WARN_UNDECLARED_SELECTOR = YES;
				GCC_WARN_UNINITIALIZED_AUTOS = YES_AGGRESSIVE;
				GCC_WARN_UNUSED_FUNCTION = YES;
				GCC_WARN_UNUSED_VARIABLE = YES;
				IPHONEOS_DEPLOYMENT_TARGET = 9.3;
				MTL_ENABLE_DEBUG_INFO = YES;
				ONLY_ACTIVE_ARCH = YES;
				SDKROOT = iphoneos;
				SWIFT_OPTIMIZATION_LEVEL = "-Onone";
			};
			name = Debug;
		};
		A1620BE01CEF84130033C5E8 /* Release */ = {
			isa = XCBuildConfiguration;
			buildSettings = {
				ALWAYS_SEARCH_USER_PATHS = NO;
				CLANG_ANALYZER_NONNULL = YES;
				CLANG_CXX_LANGUAGE_STANDARD = "gnu++0x";
				CLANG_CXX_LIBRARY = "libc++";
				CLANG_ENABLE_MODULES = YES;
				CLANG_ENABLE_OBJC_ARC = YES;
				CLANG_WARN_BOOL_CONVERSION = YES;
				CLANG_WARN_CONSTANT_CONVERSION = YES;
				CLANG_WARN_DIRECT_OBJC_ISA_USAGE = YES_ERROR;
				CLANG_WARN_EMPTY_BODY = YES;
				CLANG_WARN_ENUM_CONVERSION = YES;
				CLANG_WARN_INT_CONVERSION = YES;
				CLANG_WARN_OBJC_ROOT_CLASS = YES_ERROR;
				CLANG_WARN_UNREACHABLE_CODE = YES;
				CLANG_WARN__DUPLICATE_METHOD_MATCH = YES;
				"CODE_SIGN_IDENTITY[sdk=iphoneos*]" = "iPhone Developer";
				COPY_PHASE_STRIP = NO;
				DEBUG_INFORMATION_FORMAT = "dwarf-with-dsym";
				ENABLE_NS_ASSERTIONS = NO;
				ENABLE_STRICT_OBJC_MSGSEND = YES;
				GCC_C_LANGUAGE_STANDARD = gnu99;
				GCC_NO_COMMON_BLOCKS = YES;
				GCC_WARN_64_TO_32_BIT_CONVERSION = YES;
				GCC_WARN_ABOUT_RETURN_TYPE = YES_ERROR;
				GCC_WARN_UNDECLARED_SELECTOR = YES;
				GCC_WARN_UNINITIALIZED_AUTOS = YES_AGGRESSIVE;
				GCC_WARN_UNUSED_FUNCTION = YES;
				GCC_WARN_UNUSED_VARIABLE = YES;
				IPHONEOS_DEPLOYMENT_TARGET = 9.3;
				MTL_ENABLE_DEBUG_INFO = NO;
				SDKROOT = iphoneos;
				VALIDATE_PRODUCT = YES;
			};
			name = Release;
		};
		A1620BE21CEF84130033C5E8 /* Debug */ = {
			isa = XCBuildConfiguration;
			baseConfigurationReference = 85DE13ECAE037A6593D91661 /* Pods-BUtiful Schedules.debug.xcconfig */;
			buildSettings = {
				ASSETCATALOG_COMPILER_APPICON_NAME = AppIcon;
				CODE_SIGN_IDENTITY = "iPhone Developer";
				"CODE_SIGN_IDENTITY[sdk=iphoneos*]" = "iPhone Developer";
				INFOPLIST_FILE = "BUtiful Schedules/Info.plist";
				LD_RUNPATH_SEARCH_PATHS = "$(inherited) @executable_path/Frameworks";
				PRODUCT_BUNDLE_IDENTIFIER = "vb.BUtiful-Schedules";
				PRODUCT_NAME = "$(TARGET_NAME)";
				PROVISIONING_PROFILE = "";
				SWIFT_VERSION = 3.0;
			};
			name = Debug;
		};
		A1620BE31CEF84130033C5E8 /* Release */ = {
			isa = XCBuildConfiguration;
			baseConfigurationReference = 4D0DFA9A64AF43B8D4FE539F /* Pods-BUtiful Schedules.release.xcconfig */;
			buildSettings = {
				ASSETCATALOG_COMPILER_APPICON_NAME = AppIcon;
				CODE_SIGN_IDENTITY = "iPhone Developer";
				"CODE_SIGN_IDENTITY[sdk=iphoneos*]" = "iPhone Developer";
				INFOPLIST_FILE = "BUtiful Schedules/Info.plist";
				LD_RUNPATH_SEARCH_PATHS = "$(inherited) @executable_path/Frameworks";
				PRODUCT_BUNDLE_IDENTIFIER = "vb.BUtiful-Schedules";
				PRODUCT_NAME = "$(TARGET_NAME)";
				PROVISIONING_PROFILE = "";
				SWIFT_VERSION = 3.0;
			};
			name = Release;
		};
		A1620BE51CEF84130033C5E8 /* Debug */ = {
			isa = XCBuildConfiguration;
			buildSettings = {
				BUNDLE_LOADER = "$(TEST_HOST)";
				INFOPLIST_FILE = "BUtiful SchedulesTests/Info.plist";
				LD_RUNPATH_SEARCH_PATHS = "$(inherited) @executable_path/Frameworks @loader_path/Frameworks";
				PRODUCT_BUNDLE_IDENTIFIER = "vb.BUtiful-SchedulesTests";
				PRODUCT_NAME = "$(TARGET_NAME)";
				SWIFT_VERSION = 3.0;
				TEST_HOST = "$(BUILT_PRODUCTS_DIR)/BUtiful Schedules.app/BUtiful Schedules";
			};
			name = Debug;
		};
		A1620BE61CEF84130033C5E8 /* Release */ = {
			isa = XCBuildConfiguration;
			buildSettings = {
				BUNDLE_LOADER = "$(TEST_HOST)";
				INFOPLIST_FILE = "BUtiful SchedulesTests/Info.plist";
				LD_RUNPATH_SEARCH_PATHS = "$(inherited) @executable_path/Frameworks @loader_path/Frameworks";
				PRODUCT_BUNDLE_IDENTIFIER = "vb.BUtiful-SchedulesTests";
				PRODUCT_NAME = "$(TARGET_NAME)";
				SWIFT_VERSION = 3.0;
				TEST_HOST = "$(BUILT_PRODUCTS_DIR)/BUtiful Schedules.app/BUtiful Schedules";
			};
			name = Release;
		};
		A1620BE81CEF84130033C5E8 /* Debug */ = {
			isa = XCBuildConfiguration;
			buildSettings = {
				INFOPLIST_FILE = "BUtiful SchedulesUITests/Info.plist";
				LD_RUNPATH_SEARCH_PATHS = "$(inherited) @executable_path/Frameworks @loader_path/Frameworks";
				PRODUCT_BUNDLE_IDENTIFIER = "vb.BUtiful-SchedulesUITests";
				PRODUCT_NAME = "$(TARGET_NAME)";
				SWIFT_VERSION = 3.0;
				TEST_TARGET_NAME = "BUtiful Schedules";
			};
			name = Debug;
		};
		A1620BE91CEF84130033C5E8 /* Release */ = {
			isa = XCBuildConfiguration;
			buildSettings = {
				INFOPLIST_FILE = "BUtiful SchedulesUITests/Info.plist";
				LD_RUNPATH_SEARCH_PATHS = "$(inherited) @executable_path/Frameworks @loader_path/Frameworks";
				PRODUCT_BUNDLE_IDENTIFIER = "vb.BUtiful-SchedulesUITests";
				PRODUCT_NAME = "$(TARGET_NAME)";
				SWIFT_VERSION = 3.0;
				TEST_TARGET_NAME = "BUtiful Schedules";
			};
			name = Release;
		};
/* End XCBuildConfiguration section */

/* Begin XCConfigurationList section */
		A1620BB41CEF84130033C5E8 /* Build configuration list for PBXProject "BUtiful Schedules" */ = {
			isa = XCConfigurationList;
			buildConfigurations = (
				A1620BDF1CEF84130033C5E8 /* Debug */,
				A1620BE01CEF84130033C5E8 /* Release */,
			);
			defaultConfigurationIsVisible = 0;
			defaultConfigurationName = Release;
		};
		A1620BE11CEF84130033C5E8 /* Build configuration list for PBXNativeTarget "BUtiful Schedules" */ = {
			isa = XCConfigurationList;
			buildConfigurations = (
				A1620BE21CEF84130033C5E8 /* Debug */,
				A1620BE31CEF84130033C5E8 /* Release */,
			);
			defaultConfigurationIsVisible = 0;
			defaultConfigurationName = Release;
		};
		A1620BE41CEF84130033C5E8 /* Build configuration list for PBXNativeTarget "BUtiful SchedulesTests" */ = {
			isa = XCConfigurationList;
			buildConfigurations = (
				A1620BE51CEF84130033C5E8 /* Debug */,
				A1620BE61CEF84130033C5E8 /* Release */,
			);
			defaultConfigurationIsVisible = 0;
			defaultConfigurationName = Release;
		};
		A1620BE71CEF84130033C5E8 /* Build configuration list for PBXNativeTarget "BUtiful SchedulesUITests" */ = {
			isa = XCConfigurationList;
			buildConfigurations = (
				A1620BE81CEF84130033C5E8 /* Debug */,
				A1620BE91CEF84130033C5E8 /* Release */,
			);
			defaultConfigurationIsVisible = 0;
			defaultConfigurationName = Release;
		};
/* End XCConfigurationList section */
	};
	rootObject = A1620BB11CEF84120033C5E8 /* Project object */;
}
